{
    "_readme": [
        "This file locks the dependencies of your project to a known state",
        "Read more about it at http://getcomposer.org/doc/01-basic-usage.md#composer-lock-the-lock-file",
        "This file is @generated automatically"
    ],
    "hash": "b5827f551c0127efaeb7707daada1af6",
    "packages": [
        {
            "name": "composer/installers",
            "version": "dev-master",
            "source": {
                "type": "git",
                "url": "https://github.com/composer/installers.git",
                "reference": "f8c20b427de1cfe7a28a015c1640ce4e4eef1e33"
            },
            "dist": {
                "type": "zip",
                "url": "https://api.github.com/repos/composer/installers/zipball/f8c20b427de1cfe7a28a015c1640ce4e4eef1e33",
                "reference": "f8c20b427de1cfe7a28a015c1640ce4e4eef1e33",
                "shasum": ""
            },
            "replace": {
                "roundcube/plugin-installer": "*",
                "shama/baton": "*"
            },
            "require-dev": {
                "composer/composer": "1.0.*@dev",
                "phpunit/phpunit": "4.1.*"
            },
            "type": "composer-installer",
            "extra": {
                "class": "Composer\\Installers\\Installer",
                "branch-alias": {
                    "dev-master": "1.0-dev"
                }
            },
            "autoload": {
                "psr-0": {
                    "Composer\\Installers\\": "src/"
                }
            },
            "notification-url": "https://packagist.org/downloads/",
            "license": [
                "MIT"
            ],
            "authors": [
                {
                    "name": "Kyle Robinson Young",
                    "email": "kyle@dontkry.com",
                    "homepage": "https://github.com/shama"
                }
            ],
            "description": "A multi-framework Composer library installer",
            "homepage": "http://composer.github.com/installers/",
            "keywords": [
                "Craft",
                "Dolibarr",
                "Hurad",
                "MODX Evo",
                "OXID",
                "SMF",
                "Thelia",
                "WolfCMS",
                "agl",
                "aimeos",
                "annotatecms",
                "bitrix",
                "cakephp",
                "chef",
                "codeigniter",
                "concrete5",
                "croogo",
                "dokuwiki",
                "drupal",
                "elgg",
                "fuelphp",
                "grav",
                "installer",
                "joomla",
                "kohana",
                "laravel",
                "lithium",
                "magento",
                "mako",
                "mediawiki",
                "modulework",
                "moodle",
                "phpbb",
                "piwik",
                "ppi",
                "puppet",
                "roundcube",
                "shopware",
                "silverstripe",
                "symfony",
                "typo3",
                "wordpress",
                "zend",
                "zikula"
            ],
            "time": "2015-03-26 16:11:30"
        },
        {
            "name": "xrstf/composer-php52",
            "version": "dev-default",
            "source": {
                "type": "hg",
                "url": "https://bitbucket.org/xrstf/composer-php52",
                "reference": "717c00a8bec1b40401384536d2ebaea57c7c35d4"
            },
            "dist": {
                "type": "zip",
                "url": "https://bitbucket.org/xrstf/composer-php52/get/717c00a8bec1b40401384536d2ebaea57c7c35d4.zip",
                "reference": "717c00a8bec1b40401384536d2ebaea57c7c35d4",
                "shasum": ""
            },
            "type": "library",
            "extra": {
                "branch-alias": {
                    "dev-default": "1.x-dev"
                }
            },
            "autoload": {
                "psr-0": {
                    "xrstf\\Composer52": "lib/"
                }
            },
            "notification-url": "https://packagist.org/downloads/",
            "license": [
                "MIT"
            ],
            "homepage": "http://www.xrstf.de/",
            "time": "2015-02-01 13:29:12"
        },
        {
            "name": "yoast/i18n-module",
            "version": "dev-master",
            "source": {
                "type": "git",
                "url": "https://github.com/Yoast/i18n-module.git",
                "reference": "4648918ccf8bc6da12eadf57e4bece4829af29b3"
            },
            "dist": {
                "type": "zip",
                "url": "https://api.github.com/repos/Yoast/i18n-module/zipball/4648918ccf8bc6da12eadf57e4bece4829af29b3",
                "reference": "4648918ccf8bc6da12eadf57e4bece4829af29b3",
                "shasum": ""
            },
            "type": "library",
            "autoload": {
                "classmap": [
                    "i18n-module.php"
                ]
            },
            "notification-url": "https://packagist.org/downloads/",
            "license": [
                "GPL-2.0+"
            ],
            "authors": [
                {
                    "name": "Team Yoast",
                    "email": "support@yoast.com",
                    "homepage": "https://yoast.com"
                }
            ],
            "description": "Handle i18n for WordPress plugins.",
            "homepage": "https://github.com/Yoast/i18n-module",
            "keywords": [
                "wordpress"
            ],
            "time": "2015-04-15 06:48:03"
        },
        {
            "name": "yoast/license-manager",
            "version": "dev-master",
            "source": {
                "type": "git",
                "url": "https://github.com/Yoast/License-Manager.git",
                "reference": "8caf52202bf51011686e31c9a43b18731047f1be"
            },
            "dist": {
                "type": "zip",
                "url": "https://api.github.com/repos/Yoast/License-Manager/zipball/8caf52202bf51011686e31c9a43b18731047f1be",
                "reference": "8caf52202bf51011686e31c9a43b18731047f1be",
                "shasum": ""
            },
            "type": "library",
            "autoload": {
                "classmap": [
                    "class-api-request.php",
                    "class-license-manager.php",
                    "class-plugin-license-manager.php",
                    "class-plugin-update-manager.php",
                    "class-product.php",
                    "class-theme-license-manager.php",
                    "class-theme-update-manager.php",
                    "class-update-manager.php"
                ]
            },
            "notification-url": "https://packagist.org/downloads/",
            "license": [
                "GPL-2.0+"
            ],
            "authors": [
                {
                    "name": "Team Yoast",
                    "email": "support@yoast.com",
                    "homepage": "https://yoast.com"
                }
            ],
            "description": "Yoast License Manager.",
            "homepage": "https://github.com/Yoast/License-Manager",
            "keywords": [
                "wordpress"
            ],
            "time": "2015-03-16 11:51:33"
        }
    ],
    "packages-dev": [
        {
            "name": "squizlabs/php_codesniffer",
            "version": "2.3.0",
            "source": {
                "type": "git",
                "url": "https://github.com/squizlabs/PHP_CodeSniffer.git",
                "reference": "5046b0e01c416fc2b06df961d0673c85bcdc896c"
            },
            "dist": {
                "type": "zip",
                "url": "https://api.github.com/repos/squizlabs/PHP_CodeSniffer/zipball/5046b0e01c416fc2b06df961d0673c85bcdc896c",
                "reference": "5046b0e01c416fc2b06df961d0673c85bcdc896c",
                "shasum": ""
            },
            "require": {
                "ext-tokenizer": "*",
                "ext-xmlwriter": "*",
                "php": ">=5.1.2"
            },
            "bin": [
                "scripts/phpcs",
                "scripts/phpcbf"
            ],
            "type": "library",
            "extra": {
                "branch-alias": {
                    "dev-master": "2.0.x-dev"
                }
            },
            "autoload": {
                "classmap": [
                    "CodeSniffer.php",
                    "CodeSniffer/CLI.php",
                    "CodeSniffer/Exception.php",
                    "CodeSniffer/File.php",
                    "CodeSniffer/Fixer.php",
                    "CodeSniffer/Report.php",
                    "CodeSniffer/Reporting.php",
                    "CodeSniffer/Sniff.php",
                    "CodeSniffer/Tokens.php",
                    "CodeSniffer/Reports/",
                    "CodeSniffer/Tokenizers/",
                    "CodeSniffer/DocGenerators/",
                    "CodeSniffer/Standards/AbstractPatternSniff.php",
                    "CodeSniffer/Standards/AbstractScopeSniff.php",
                    "CodeSniffer/Standards/AbstractVariableSniff.php",
                    "CodeSniffer/Standards/IncorrectPatternException.php",
                    "CodeSniffer/Standards/Generic/Sniffs/",
                    "CodeSniffer/Standards/MySource/Sniffs/",
                    "CodeSniffer/Standards/PEAR/Sniffs/",
                    "CodeSniffer/Standards/PSR1/Sniffs/",
                    "CodeSniffer/Standards/PSR2/Sniffs/",
                    "CodeSniffer/Standards/Squiz/Sniffs/",
                    "CodeSniffer/Standards/Zend/Sniffs/"
                ]
            },
            "notification-url": "https://packagist.org/downloads/",
            "license": [
                "BSD-3-Clause"
            ],
            "authors": [
                {
                    "name": "Greg Sherwood",
                    "role": "lead"
                }
            ],
            "description": "PHP_CodeSniffer tokenizes PHP, JavaScript and CSS files and detects violations of a defined set of coding standards.",
            "homepage": "http://www.squizlabs.com/php-codesniffer",
            "keywords": [
                "phpcs",
                "standards"
            ],
            "time": "2015-03-04 02:07:03"
        },
        {
            "name": "wp-coding-standards/wpcs",
            "version": "dev-develop",
            "source": {
                "type": "git",
                "url": "https://github.com/WordPress-Coding-Standards/WordPress-Coding-Standards.git",
                "reference": "60e0d19f547e9076aff4a907e6cfb5e4982737f7"
            },
            "dist": {
                "type": "zip",
                "url": "https://api.github.com/repos/WordPress-Coding-Standards/WordPress-Coding-Standards/zipball/60e0d19f547e9076aff4a907e6cfb5e4982737f7",
                "reference": "60e0d19f547e9076aff4a907e6cfb5e4982737f7",
                "shasum": ""
            },
            "require": {
                "squizlabs/php_codesniffer": "~2.0"
            },
            "type": "library",
            "notification-url": "https://packagist.org/downloads/",
            "license": [
                "MIT"
            ],
            "authors": [
                {
                    "name": "X-Team",
                    "homepage": "http://x-team.com/"
                },
                {
                    "name": "Contributors",
                    "homepage": "https://github.com/WordPress-Coding-Standards/WordPress-Coding-Standards/graphs/contributors"
                }
            ],
            "description": "PHP_CodeSniffer rules (sniffs) to enforce WordPress coding conventions",
            "keywords": [
                "phpcs",
                "standards",
                "wordpress"
            ],
            "time": "2015-04-13 13:38:41"
        },
        {
            "name": "yoast/yoastcs",
            "version": "dev-master",
            "source": {
                "type": "git",
                "url": "https://github.com/Yoast/yoastcs.git",
                "reference": "2dca1e17be0b55d721261fb1af231e85baf25baa"
            },
            "dist": {
                "type": "zip",
                "url": "https://api.github.com/repos/Yoast/yoastcs/zipball/2dca1e17be0b55d721261fb1af231e85baf25baa",
                "reference": "2dca1e17be0b55d721261fb1af231e85baf25baa",
                "shasum": ""
            },
            "require": {
                "squizlabs/php_codesniffer": "^2.2.0",
                "wp-coding-standards/wpcs": "dev-develop"
            },
            "type": "library",
            "notification-url": "https://packagist.org/downloads/",
            "license": [
                "MIT"
            ],
            "authors": [
                {
                    "name": "Team Yoast",
                    "email": "support@yoast.com",
                    "homepage": "https://yoast.com"
                }
            ],
            "description": "PHP_CodeSniffer rules for Yoast projects",
            "keywords": [
                "phpcs",
                "standards",
                "wordpress"
            ],
            "time": "2015-03-26 15:37:17"
        }
    ],
    "aliases": [],
    "minimum-stability": "dev",
    "stability-flags": {
        "yoast/license-manager": 20,
        "yoast/i18n-module": 20,
        "yoast/yoastcs": 20
    },
    "prefer-stable": false,
    "prefer-lowest": false,
    "platform": [],
    "platform-dev": []
}
