{
    "_readme": [
        "This file locks the dependencies of your project to a known state",
        "Read more about it at http://getcomposer.org/doc/01-basic-usage.md#composer-lock-the-lock-file",
        "This file is @generated automatically"
    ],
    "hash": "b2fde8a992b7561ea8462a4585d5489c",
    "packages": [
        {
            "name": "composer/installers",
            "version": "v1.0.20",
            "source": {
                "type": "git",
                "url": "https://github.com/composer/installers.git",
                "reference": "1bff8aa77a18f3616f468ed8000cf86a5725bac3"
            },
            "dist": {
                "type": "zip",
                "url": "https://api.github.com/repos/composer/installers/zipball/1bff8aa77a18f3616f468ed8000cf86a5725bac3",
                "reference": "1bff8aa77a18f3616f468ed8000cf86a5725bac3",
                "shasum": ""
            },
            "replace": {
                "roundcube/plugin-installer": "*",
                "shama/baton": "*"
            },
            "require-dev": {
                "composer/composer": "1.0.*@dev",
                "phpunit/phpunit": "4.1.*"
            },
            "type": "composer-installer",
            "extra": {
                "class": "Composer\\Installers\\Installer",
                "branch-alias": {
                    "dev-master": "1.0-dev"
                }
            },
            "autoload": {
                "psr-0": {
                    "Composer\\Installers\\": "src/"
                }
            },
            "notification-url": "https://packagist.org/downloads/",
            "license": [
                "MIT"
            ],
            "authors": [
                {
                    "name": "Kyle Robinson Young",
                    "email": "kyle@dontkry.com",
                    "homepage": "https://github.com/shama"
                }
            ],
            "description": "A multi-framework Composer library installer",
            "homepage": "http://composer.github.com/installers/",
            "keywords": [
                "Craft",
                "Dolibarr",
                "Hurad",
                "MODX Evo",
                "OXID",
                "SMF",
                "Thelia",
                "WolfCMS",
                "agl",
                "annotatecms",
                "bitrix",
                "cakephp",
                "chef",
                "codeigniter",
                "concrete5",
                "croogo",
                "dokuwiki",
                "drupal",
                "elgg",
                "fuelphp",
                "grav",
                "installer",
                "joomla",
                "kohana",
                "laravel",
                "lithium",
                "magento",
                "mako",
                "mediawiki",
                "modulework",
                "moodle",
                "phpbb",
                "piwik",
                "ppi",
                "puppet",
                "roundcube",
                "shopware",
                "silverstripe",
                "symfony",
                "typo3",
                "wordpress",
                "zend",
                "zikula"
            ],
            "time": "2015-01-11 03:51:11"
        },
        {
            "name": "xrstf/composer-php52",
            "version": "v1.0.16",
            "source": {
                "type": "hg",
                "url": "https://bitbucket.org/xrstf/composer-php52",
                "reference": "b80de08b940ea59789646fa20d841fbdd72d72f0"
            },
            "dist": {
                "type": "zip",
                "url": "https://bitbucket.org/xrstf/composer-php52/get/b80de08b940ea59789646fa20d841fbdd72d72f0.zip",
                "reference": "b80de08b940ea59789646fa20d841fbdd72d72f0",
                "shasum": ""
            },
            "type": "library",
            "extra": {
                "branch-alias": {
                    "dev-default": "1.x-dev"
                }
            },
            "autoload": {
                "psr-0": {
                    "xrstf\\Composer52": "lib/"
                }
            },
            "notification-url": "https://packagist.org/downloads/",
            "license": [
                "MIT"
            ],
            "homepage": "http://www.xrstf.de/",
            "time": "2014-01-16 00:18:36"
        },
        {
            "name": "yoast/i18n-module",
            "version": "dev-master",
            "source": {
                "type": "git",
                "url": "https://github.com/Yoast/i18n-module.git",
                "reference": "8554e74de5706538bb354133a6384e3b57d1df4b"
            },
            "dist": {
                "type": "zip",
                "url": "https://api.github.com/repos/Yoast/i18n-module/zipball/8554e74de5706538bb354133a6384e3b57d1df4b",
                "reference": "8554e74de5706538bb354133a6384e3b57d1df4b",
                "shasum": ""
            },
            "type": "library",
            "autoload": {
                "classmap": [
                    "i18n-module.php"
                ]
            },
            "notification-url": "https://packagist.org/downloads/",
            "license": [
                "GPL-2.0+"
            ],
            "authors": [
                {
                    "name": "Team Yoast",
                    "email": "support@yoast.com",
                    "homepage": "https://yoast.com"
                }
            ],
            "description": "Handle i18n for WordPress plugins.",
            "homepage": "https://github.com/Yoast/i18n-module",
            "keywords": [
                "wordpress"
            ],
            "time": "2015-01-19 09:14:41"
        },
        {
            "name": "yoast/license-manager",
            "version": "dev-master",
            "source": {
                "type": "git",
                "url": "https://github.com/Yoast/License-Manager.git",
                "reference": "590ec054383c5e609c78cd4aee03bc8e9d9742cc"
            },
            "dist": {
                "type": "zip",
                "url": "https://api.github.com/repos/Yoast/License-Manager/zipball/590ec054383c5e609c78cd4aee03bc8e9d9742cc",
                "reference": "590ec054383c5e609c78cd4aee03bc8e9d9742cc",
                "shasum": ""
            },
            "type": "library",
            "autoload": {
                "classmap": [
                    "class-api-request.php",
                    "class-license-manager.php",
                    "class-plugin-license-manager.php",
                    "class-plugin-update-manager.php",
                    "class-product.php",
                    "class-theme-license-manager.php",
                    "class-theme-update-manager.php",
                    "class-update-manager.php"
                ]
            },
            "notification-url": "https://packagist.org/downloads/",
            "license": [
                "GPL-2.0+"
            ],
            "authors": [
                {
                    "name": "Team Yoast",
                    "email": "support@yoast.com",
                    "homepage": "https://yoast.com"
                }
            ],
            "description": "Yoast License Manager.",
            "homepage": "https://github.com/Yoast/License-Manager",
            "keywords": [
                "wordpress"
            ],
            "time": "2015-01-19 09:14:58"
        }
    ],
    "packages-dev": [],
    "aliases": [],
    "minimum-stability": "stable",
    "stability-flags": {
        "yoast/license-manager": 20,
        "yoast/i18n-module": 20
    },
    "prefer-stable": false,
    "prefer-lowest": false,
    "platform": [],
    "platform-dev": []
}
