{
	"name": "@yoast/content-analysis-app",
	"version": "0.1.64-rc.4",
	"lockfileVersion": 1,
	"requires": true,
	"dependencies": {
		"benchmark.js": {
			"version": "2.0.0",
			"resolved": "https://registry.npmjs.org/benchmark.js/-/benchmark.js-2.0.0.tgz",
			"integrity": "sha512-RyJv95bJlIw+xzHRTWX87cO5NhLY9Ceutnj96CgEQRhUvxxk3nrRDkAYSAgDhAHf0Gk3xKwEGSImefu58lZB/w=="
		}
	}
}
